
Microsoft Visual Studio Solution File, Format Version 12.00
# Visual Studio 14
VisualStudioVersion = 14.0.25420.1
MinimumVisualStudioVersion = 10.0.40219.1
Project("{8BB2217D-0F2D-49D1-97BC-3654ED321F3B}") = "Foobar.Database", "DA\Database\src\Foobar.Database\Foobar.Database.xproj", "{BABFE5DD-9B41-42B9-A34F-2336A66EF208}"
EndProject
Project("{2150E333-8FDC-42A3-9474-1A3956D46DE8}") = "Solution Items", "Solution Items", "{313E8284-0FB4-4180-B0EA-DC5FC10F671D}"
	ProjectSection(SolutionItems) = preProject
		global.json = global.json
		..\nuget.config = ..\nuget.config
	EndProjectSection
EndProject
Global
	GlobalSection(SolutionConfigurationPlatforms) = preSolution
		Debug|Any CPU = Debug|Any CPU
		Release|Any CPU = Release|Any CPU
	EndGlobalSection
	GlobalSection(ProjectConfigurationPlatforms) = postSolution
		{BABFE5DD-9B41-42B9-A34F-2336A66EF208}.Debug|Any CPU.ActiveCfg = Debug|Any CPU
		{BABFE5DD-9B41-42B9-A34F-2336A66EF208}.Debug|Any CPU.Build.0 = Debug|Any CPU
		{BABFE5DD-9B41-42B9-A34F-2336A66EF208}.Release|Any CPU.ActiveCfg = Release|Any CPU
		{BABFE5DD-9B41-42B9-A34F-2336A66EF208}.Release|Any CPU.Build.0 = Release|Any CPU
	EndGlobalSection
	GlobalSection(SolutionProperties) = preSolution
		HideSolutionNode = FALSE
	EndGlobalSection
EndGlobal
